
Microsoft Visual Studio Solution File, Format Version 12.00
# Visual Studio 15
VisualStudioVersion = 15.0.28307.757
MinimumVisualStudioVersion = 10.0.40219.1
Project("{FAE04EC0-301F-11D3-BF4B-00C04F79EFBC}") = "WpfHorizPage", "WpfHorizPage.csproj", "{96BC9E83-ECAD-4CDC-851D-48EAD8A91577}"
EndProject
Global
	GlobalSection(SolutionConfigurationPlatforms) = preSolution
		Debug|Any CPU = Debug|Any CPU
		Release|Any CPU = Release|Any CPU
	EndGlobalSection
	GlobalSection(ProjectConfigurationPlatforms) = postSolution
		{96BC9E83-ECAD-4CDC-851D-48EAD8A91577}.Debug|Any CPU.ActiveCfg = Debug|Any CPU
		{96BC9E83-ECAD-4CDC-851D-48EAD8A91577}.Debug|Any CPU.Build.0 = Debug|Any CPU
		{96BC9E83-ECAD-4CDC-851D-48EAD8A91577}.Release|Any CPU.ActiveCfg = Release|Any CPU
		{96BC9E83-ECAD-4CDC-851D-48EAD8A91577}.Release|Any CPU.Build.0 = Release|Any CPU
	EndGlobalSection
	GlobalSection(SolutionProperties) = preSolution
		HideSolutionNode = FALSE
	EndGlobalSection
	GlobalSection(ExtensibilityGlobals) = postSolution
		SolutionGuid = {2DE7A98C-43F3-4BCA-962A-5F5D542753D4}
	EndGlobalSection
EndGlobal
